{
  "name": "sample-http",
  "version": "0.0.1",
  "lockfileVersion": 1,
  "requires": true,
  "dependencies": {
    "gcf-api-router": {
      "version": "1.0.1",
      "resolved": "https://registry.npmjs.org/gcf-api-router/-/gcf-api-router-1.0.1.tgz",
      "integrity": "sha512-1EhXvkNW+aA8fJPUJy3aRPQtojot3PsnAHBf1eqQIqs4EWe9Ia3lAR6+7mwkdI8Vn7LZHb8NAy+ZWkFf22gD+g==",
      "requires": {
        "path-to-regexp": "^2.1.0"
      }
    },
    "path-to-regexp": {
      "version": "2.2.1",
      "resolved": "https://registry.npmjs.org/path-to-regexp/-/path-to-regexp-2.2.1.tgz",
      "integrity": "sha512-gu9bD6Ta5bwGrrU8muHzVOBFFREpp2iRkVfhBJahwJ6p6Xw20SjT0MxLnwkjOibQmGSYhiUnf2FLe7k+jcFmGQ=="
    }
  }
}
